{
  "name": "ux-web",
  "version": "1.0.0",
  "lockfileVersion": 1,
  "requires": true,
  "dependencies": {
    "hoist-non-react-statics": {
      "version": "2.3.1",
      "resolved": "https://registry.npmjs.org/hoist-non-react-statics/-/hoist-non-react-statics-2.3.1.tgz",
      "integrity": "sha1-ND24TGAYxlB3iJgkATWhQg7iLOA="
    },
    "kqjs": {
      "version": "1.1.7",
      "resolved": "https://registry.npmjs.org/kqjs/-/kqjs-1.1.7.tgz",
      "integrity": "sha512-EQMUZskCPU5zGu1vSux4Z+WiPEFfOtlyaaClNiVR1xf516kOwZwSEHmp1FbrwFKlatJJrqg5EIEki1XHKeri2Q=="
    },
    "lodash": {
      "version": "4.17.4",
      "resolved": "https://registry.npmjs.org/lodash/-/lodash-4.17.4.tgz",
      "integrity": "sha1-eCA6TRwyiuHYbcpkYONptX9AVa4="
    },
    "mobx": {
      "version": "3.4.1",
      "resolved": "https://registry.npmjs.org/mobx/-/mobx-3.4.1.tgz",
      "integrity": "sha1-N6vl7ogtQBgo2fJsbBovR2FLu+8="
    },
    "mobx-react": {
      "version": "4.3.5",
      "resolved": "https://registry.npmjs.org/mobx-react/-/mobx-react-4.3.5.tgz",
      "integrity": "sha1-doU/Ly70pvlgw3S82fAeh1kpwEw=",
      "requires": {
        "hoist-non-react-statics": "2.3.1"
      }
    }
  }
}
